// !$*UTF8*$!
{
	archiveVersion = 1;
	classes = {
	};
	objectVersion = 56;
	objects = {

/* Begin PBXBuildFile section */
		0533B1CF296C6000006CBBBB /* ParentVC.swift in Sources */ = {isa = PBXBuildFile; fileRef = 0533B1CE296C6000006CBBBB /* ParentVC.swift */; };
		053A1A6C2951E1C6005C6FF6 /* AppDelegate.swift in Sources */ = {isa = PBXBuildFile; fileRef = 053A1A6B2951E1C6005C6FF6 /* AppDelegate.swift */; };
		053A1A6E2951E1C6005C6FF6 /* SceneDelegate.swift in Sources */ = {isa = PBXBuildFile; fileRef = 053A1A6D2951E1C6005C6FF6 /* SceneDelegate.swift */; };
		053A1A702951E1C6005C6FF6 /* StartVC.swift in Sources */ = {isa = PBXBuildFile; fileRef = 053A1A6F2951E1C6005C6FF6 /* StartVC.swift */; };
		053A1A732951E1C6005C6FF6 /* Main.storyboard in Resources */ = {isa = PBXBuildFile; fileRef = 053A1A712951E1C6005C6FF6 /* Main.storyboard */; };
		053A1A752951E1C7005C6FF6 /* Assets.xcassets in Resources */ = {isa = PBXBuildFile; fileRef = 053A1A742951E1C7005C6FF6 /* Assets.xcassets */; };
		053A1A782951E1C7005C6FF6 /* LaunchScreen.storyboard in Resources */ = {isa = PBXBuildFile; fileRef = 053A1A762951E1C7005C6FF6 /* LaunchScreen.storyboard */; };
		053A1A822951E463005C6FF6 /* TPButton.swift in Sources */ = {isa = PBXBuildFile; fileRef = 053A1A812951E463005C6FF6 /* TPButton.swift */; };
		053A1A852951EA7A005C6FF6 /* Constants.swift in Sources */ = {isa = PBXBuildFile; fileRef = 053A1A842951EA7A005C6FF6 /* Constants.swift */; };
		053F0D34296838E8006EB52F /* PersistanceManager.swift in Sources */ = {isa = PBXBuildFile; fileRef = 053F0D33296838E8006EB52F /* PersistanceManager.swift */; };
		053F0D372968A6D6006EB52F /* CustomColors.swift in Sources */ = {isa = PBXBuildFile; fileRef = 053F0D362968A6D6006EB52F /* CustomColors.swift */; };
		053F0D3B2968B1E7006EB52F /* Ext+background.swift in Sources */ = {isa = PBXBuildFile; fileRef = 053F0D3A2968B1E7006EB52F /* Ext+background.swift */; };
		05421EDC2952009E0042261D /* SleepVC.swift in Sources */ = {isa = PBXBuildFile; fileRef = 05421EDB2952009E0042261D /* SleepVC.swift */; };
		05725B3729669E5400B0EF7A /* FirstChildVC.swift in Sources */ = {isa = PBXBuildFile; fileRef = 05725B3629669E5400B0EF7A /* FirstChildVC.swift */; };
		05725B392966D62400B0EF7A /* SecondChildVC.swift in Sources */ = {isa = PBXBuildFile; fileRef = 05725B382966D62400B0EF7A /* SecondChildVC.swift */; };
		05831C152953079E005E611B /* Suszarka.m4a in Resources */ = {isa = PBXBuildFile; fileRef = 05831C142953079E005E611B /* Suszarka.m4a */; };
		05D9B5092953293A00AFEC13 /* TPGearButton.swift in Sources */ = {isa = PBXBuildFile; fileRef = 05D9B5082953293A00AFEC13 /* TPGearButton.swift */; };
		05D9B50B29534A8F00AFEC13 /* SettingsVC.swift in Sources */ = {isa = PBXBuildFile; fileRef = 05D9B50A29534A8F00AFEC13 /* SettingsVC.swift */; };
		05D9B50F29534EC900AFEC13 /* Hair-dryer-sound.mp3 in Resources */ = {isa = PBXBuildFile; fileRef = 05D9B50E29534EC900AFEC13 /* Hair-dryer-sound.mp3 */; };
		05D9B51129534F2E00AFEC13 /* Calculations.swift in Sources */ = {isa = PBXBuildFile; fileRef = 05D9B51029534F2E00AFEC13 /* Calculations.swift */; };
/* End PBXBuildFile section */

/* Begin PBXFileReference section */
		0533B1CE296C6000006CBBBB /* ParentVC.swift */ = {isa = PBXFileReference; lastKnownFileType = sourcecode.swift; path = ParentVC.swift; sourceTree = "<group>"; };
		053A1A682951E1C6005C6FF6 /* Szuminka.app */ = {isa = PBXFileReference; explicitFileType = wrapper.application; includeInIndex = 0; path = Szuminka.app; sourceTree = BUILT_PRODUCTS_DIR; };
		053A1A6B2951E1C6005C6FF6 /* AppDelegate.swift */ = {isa = PBXFileReference; lastKnownFileType = sourcecode.swift; path = AppDelegate.swift; sourceTree = "<group>"; };
		053A1A6D2951E1C6005C6FF6 /* SceneDelegate.swift */ = {isa = PBXFileReference; lastKnownFileType = sourcecode.swift; path = SceneDelegate.swift; sourceTree = "<group>"; };
		053A1A6F2951E1C6005C6FF6 /* StartVC.swift */ = {isa = PBXFileReference; lastKnownFileType = sourcecode.swift; path = StartVC.swift; sourceTree = "<group>"; };
		053A1A722951E1C6005C6FF6 /* Base */ = {isa = PBXFileReference; lastKnownFileType = file.storyboard; name = Base; path = Base.lproj/Main.storyboard; sourceTree = "<group>"; };
		053A1A742951E1C7005C6FF6 /* Assets.xcassets */ = {isa = PBXFileReference; lastKnownFileType = folder.assetcatalog; path = Assets.xcassets; sourceTree = "<group>"; };
		053A1A772951E1C7005C6FF6 /* Base */ = {isa = PBXFileReference; lastKnownFileType = file.storyboard; name = Base; path = Base.lproj/LaunchScreen.storyboard; sourceTree = "<group>"; };
		053A1A792951E1C7005C6FF6 /* Info.plist */ = {isa = PBXFileReference; lastKnownFileType = text.plist.xml; path = Info.plist; sourceTree = "<group>"; };
		053A1A812951E463005C6FF6 /* TPButton.swift */ = {isa = PBXFileReference; lastKnownFileType = sourcecode.swift; path = TPButton.swift; sourceTree = "<group>"; };
		053A1A842951EA7A005C6FF6 /* Constants.swift */ = {isa = PBXFileReference; lastKnownFileType = sourcecode.swift; path = Constants.swift; sourceTree = "<group>"; };
		053F0D33296838E8006EB52F /* PersistanceManager.swift */ = {isa = PBXFileReference; lastKnownFileType = sourcecode.swift; path = PersistanceManager.swift; sourceTree = "<group>"; };
		053F0D362968A6D6006EB52F /* CustomColors.swift */ = {isa = PBXFileReference; lastKnownFileType = sourcecode.swift; path = CustomColors.swift; sourceTree = "<group>"; };
		053F0D3A2968B1E7006EB52F /* Ext+background.swift */ = {isa = PBXFileReference; lastKnownFileType = sourcecode.swift; path = "Ext+background.swift"; sourceTree = "<group>"; };
		05421EDB2952009E0042261D /* SleepVC.swift */ = {isa = PBXFileReference; lastKnownFileType = sourcecode.swift; path = SleepVC.swift; sourceTree = "<group>"; };
		05725B3629669E5400B0EF7A /* FirstChildVC.swift */ = {isa = PBXFileReference; lastKnownFileType = sourcecode.swift; path = FirstChildVC.swift; sourceTree = "<group>"; };
		05725B382966D62400B0EF7A /* SecondChildVC.swift */ = {isa = PBXFileReference; lastKnownFileType = sourcecode.swift; path = SecondChildVC.swift; sourceTree = "<group>"; };
		05831C142953079E005E611B /* Suszarka.m4a */ = {isa = PBXFileReference; lastKnownFileType = file; path = Suszarka.m4a; sourceTree = "<group>"; };
		05D9B5082953293A00AFEC13 /* TPGearButton.swift */ = {isa = PBXFileReference; lastKnownFileType = sourcecode.swift; path = TPGearButton.swift; sourceTree = "<group>"; };
		05D9B50A29534A8F00AFEC13 /* SettingsVC.swift */ = {isa = PBXFileReference; lastKnownFileType = sourcecode.swift; path = SettingsVC.swift; sourceTree = "<group>"; };
		05D9B50E29534EC900AFEC13 /* Hair-dryer-sound.mp3 */ = {isa = PBXFileReference; lastKnownFileType = audio.mp3; path = "Hair-dryer-sound.mp3"; sourceTree = "<group>"; };
		05D9B51029534F2E00AFEC13 /* Calculations.swift */ = {isa = PBXFileReference; lastKnownFileType = sourcecode.swift; path = Calculations.swift; sourceTree = "<group>"; };
/* End PBXFileReference section */

/* Begin PBXFrameworksBuildPhase section */
		053A1A652951E1C6005C6FF6 /* Frameworks */ = {
			isa = PBXFrameworksBuildPhase;
			buildActionMask = 2147483647;
			files = (
			);
			runOnlyForDeploymentPostprocessing = 0;
		};
/* End PBXFrameworksBuildPhase section */

/* Begin PBXGroup section */
		053A1A5F2951E1C5005C6FF6 = {
			isa = PBXGroup;
			children = (
				053A1A6A2951E1C6005C6FF6 /* Szuminka */,
				053A1A692951E1C6005C6FF6 /* Products */,
			);
			sourceTree = "<group>";
		};
		053A1A692951E1C6005C6FF6 /* Products */ = {
			isa = PBXGroup;
			children = (
				053A1A682951E1C6005C6FF6 /* Szuminka.app */,
			);
			name = Products;
			sourceTree = "<group>";
		};
		053A1A6A2951E1C6005C6FF6 /* Szuminka */ = {
			isa = PBXGroup;
			children = (
				05C4B9D9296D569B0017E2E4 /* Extensions */,
				053F0D35296838EC006EB52F /* Manager */,
				053A1A832951EA6A005C6FF6 /* Utilities */,
				053A1A6B2951E1C6005C6FF6 /* AppDelegate.swift */,
				053A1A6D2951E1C6005C6FF6 /* SceneDelegate.swift */,
				053A1A7F2951E3F1005C6FF6 /* Screens */,
				053A1A802951E43E005C6FF6 /* Custom Object */,
				053A1A712951E1C6005C6FF6 /* Main.storyboard */,
				053A1A742951E1C7005C6FF6 /* Assets.xcassets */,
				05831C142953079E005E611B /* Suszarka.m4a */,
				053A1A762951E1C7005C6FF6 /* LaunchScreen.storyboard */,
				053A1A792951E1C7005C6FF6 /* Info.plist */,
				05D9B50E29534EC900AFEC13 /* Hair-dryer-sound.mp3 */,
			);
			path = Szuminka;
			sourceTree = "<group>";
		};
		053A1A7F2951E3F1005C6FF6 /* Screens */ = {
			isa = PBXGroup;
			children = (
				053A1A6F2951E1C6005C6FF6 /* StartVC.swift */,
				05421EDB2952009E0042261D /* SleepVC.swift */,
				05D9B50A29534A8F00AFEC13 /* SettingsVC.swift */,
			);
			path = Screens;
			sourceTree = "<group>";
		};
		053A1A802951E43E005C6FF6 /* Custom Object */ = {
			isa = PBXGroup;
			children = (
				05CBC816295493B700FE3F1C /* Pola info */,
				053A1A812951E463005C6FF6 /* TPButton.swift */,
				05D9B5082953293A00AFEC13 /* TPGearButton.swift */,
			);
			path = "Custom Object";
			sourceTree = "<group>";
		};
		053A1A832951EA6A005C6FF6 /* Utilities */ = {
			isa = PBXGroup;
			children = (
				053A1A842951EA7A005C6FF6 /* Constants.swift */,
				05D9B51029534F2E00AFEC13 /* Calculations.swift */,
				053F0D362968A6D6006EB52F /* CustomColors.swift */,
			);
			path = Utilities;
			sourceTree = "<group>";
		};
		053F0D35296838EC006EB52F /* Manager */ = {
			isa = PBXGroup;
			children = (
				053F0D33296838E8006EB52F /* PersistanceManager.swift */,
			);
			path = Manager;
			sourceTree = "<group>";
		};
		05C4B9D9296D569B0017E2E4 /* Extensions */ = {
			isa = PBXGroup;
			children = (
				053F0D3A2968B1E7006EB52F /* Ext+background.swift */,
			);
			path = Extensions;
			sourceTree = "<group>";
		};
		05CBC816295493B700FE3F1C /* Pola info */ = {
			isa = PBXGroup;
			children = (
				0533B1CE296C6000006CBBBB /* ParentVC.swift */,
				05725B3629669E5400B0EF7A /* FirstChildVC.swift */,
				05725B382966D62400B0EF7A /* SecondChildVC.swift */,
			);
			path = "Pola info";
			sourceTree = "<group>";
		};
/* End PBXGroup section */

/* Begin PBXNativeTarget section */
		053A1A672951E1C6005C6FF6 /* Szuminka */ = {
			isa = PBXNativeTarget;
			buildConfigurationList = 053A1A7C2951E1C7005C6FF6 /* Build configuration list for PBXNativeTarget "Szuminka" */;
			buildPhases = (
				053A1A642951E1C6005C6FF6 /* Sources */,
				053A1A652951E1C6005C6FF6 /* Frameworks */,
				053A1A662951E1C6005C6FF6 /* Resources */,
			);
			buildRules = (
			);
			dependencies = (
			);
			name = Szuminka;
			productName = Szuminka;
			productReference = 053A1A682951E1C6005C6FF6 /* Szuminka.app */;
			productType = "com.apple.product-type.application";
		};
/* End PBXNativeTarget section */

/* Begin PBXProject section */
		053A1A602951E1C5005C6FF6 /* Project object */ = {
			isa = PBXProject;
			attributes = {
				BuildIndependentTargetsInParallel = 1;
				LastSwiftUpdateCheck = 1410;
				LastUpgradeCheck = 1410;
				TargetAttributes = {
					053A1A672951E1C6005C6FF6 = {
						CreatedOnToolsVersion = 14.1;
					};
				};
			};
			buildConfigurationList = 053A1A632951E1C5005C6FF6 /* Build configuration list for PBXProject "Szuminka" */;
			compatibilityVersion = "Xcode 14.0";
			developmentRegion = en;
			hasScannedForEncodings = 0;
			knownRegions = (
				en,
				Base,
			);
			mainGroup = 053A1A5F2951E1C5005C6FF6;
			productRefGroup = 053A1A692951E1C6005C6FF6 /* Products */;
			projectDirPath = "";
			projectRoot = "";
			targets = (
				053A1A672951E1C6005C6FF6 /* Szuminka */,
			);
		};
/* End PBXProject section */

/* Begin PBXResourcesBuildPhase section */
		053A1A662951E1C6005C6FF6 /* Resources */ = {
			isa = PBXResourcesBuildPhase;
			buildActionMask = 2147483647;
			files = (
				05D9B50F29534EC900AFEC13 /* Hair-dryer-sound.mp3 in Resources */,
				05831C152953079E005E611B /* Suszarka.m4a in Resources */,
				053A1A782951E1C7005C6FF6 /* LaunchScreen.storyboard in Resources */,
				053A1A752951E1C7005C6FF6 /* Assets.xcassets in Resources */,
				053A1A732951E1C6005C6FF6 /* Main.storyboard in Resources */,
			);
			runOnlyForDeploymentPostprocessing = 0;
		};
/* End PBXResourcesBuildPhase section */

/* Begin PBXSourcesBuildPhase section */
		053A1A642951E1C6005C6FF6 /* Sources */ = {
			isa = PBXSourcesBuildPhase;
			buildActionMask = 2147483647;
			files = (
				05421EDC2952009E0042261D /* SleepVC.swift in Sources */,
				053A1A852951EA7A005C6FF6 /* Constants.swift in Sources */,
				05D9B5092953293A00AFEC13 /* TPGearButton.swift in Sources */,
				053F0D372968A6D6006EB52F /* CustomColors.swift in Sources */,
				053A1A702951E1C6005C6FF6 /* StartVC.swift in Sources */,
				05D9B51129534F2E00AFEC13 /* Calculations.swift in Sources */,
				053F0D34296838E8006EB52F /* PersistanceManager.swift in Sources */,
				05725B392966D62400B0EF7A /* SecondChildVC.swift in Sources */,
				053A1A822951E463005C6FF6 /* TPButton.swift in Sources */,
				0533B1CF296C6000006CBBBB /* ParentVC.swift in Sources */,
				053F0D3B2968B1E7006EB52F /* Ext+background.swift in Sources */,
				05D9B50B29534A8F00AFEC13 /* SettingsVC.swift in Sources */,
				053A1A6C2951E1C6005C6FF6 /* AppDelegate.swift in Sources */,
				053A1A6E2951E1C6005C6FF6 /* SceneDelegate.swift in Sources */,
				05725B3729669E5400B0EF7A /* FirstChildVC.swift in Sources */,
			);
			runOnlyForDeploymentPostprocessing = 0;
		};
/* End PBXSourcesBuildPhase section */

/* Begin PBXVariantGroup section */
		053A1A712951E1C6005C6FF6 /* Main.storyboard */ = {
			isa = PBXVariantGroup;
			children = (
				053A1A722951E1C6005C6FF6 /* Base */,
			);
			name = Main.storyboard;
			sourceTree = "<group>";
		};
		053A1A762951E1C7005C6FF6 /* LaunchScreen.storyboard */ = {
			isa = PBXVariantGroup;
			children = (
				053A1A772951E1C7005C6FF6 /* Base */,
			);
			name = LaunchScreen.storyboard;
			sourceTree = "<group>";
		};
/* End PBXVariantGroup section */

/* Begin XCBuildConfiguration section */
		053A1A7A2951E1C7005C6FF6 /* Debug */ = {
			isa = XCBuildConfiguration;
			buildSettings = {
				ALWAYS_SEARCH_USER_PATHS = NO;
				CLANG_ANALYZER_NONNULL = YES;
				CLANG_ANALYZER_NUMBER_OBJECT_CONVERSION = YES_AGGRESSIVE;
				CLANG_CXX_LANGUAGE_STANDARD = "gnu++20";
				CLANG_ENABLE_MODULES = YES;
				CLANG_ENABLE_OBJC_ARC = YES;
				CLANG_ENABLE_OBJC_WEAK = YES;
				CLANG_WARN_BLOCK_CAPTURE_AUTORELEASING = YES;
				CLANG_WARN_BOOL_CONVERSION = YES;
				CLANG_WARN_COMMA = YES;
				CLANG_WARN_CONSTANT_CONVERSION = YES;
				CLANG_WARN_DEPRECATED_OBJC_IMPLEMENTATIONS = YES;
				CLANG_WARN_DIRECT_OBJC_ISA_USAGE = YES_ERROR;
				CLANG_WARN_DOCUMENTATION_COMMENTS = YES;
				CLANG_WARN_EMPTY_BODY = YES;
				CLANG_WARN_ENUM_CONVERSION = YES;
				CLANG_WARN_INFINITE_RECURSION = YES;
				CLANG_WARN_INT_CONVERSION = YES;
				CLANG_WARN_NON_LITERAL_NULL_CONVERSION = YES;
				CLANG_WARN_OBJC_IMPLICIT_RETAIN_SELF = YES;
				CLANG_WARN_OBJC_LITERAL_CONVERSION = YES;
				CLANG_WARN_OBJC_ROOT_CLASS = YES_ERROR;
				CLANG_WARN_QUOTED_INCLUDE_IN_FRAMEWORK_HEADER = YES;
				CLANG_WARN_RANGE_LOOP_ANALYSIS = YES;
				CLANG_WARN_STRICT_PROTOTYPES = YES;
				CLANG_WARN_SUSPICIOUS_MOVE = YES;
				CLANG_WARN_UNGUARDED_AVAILABILITY = YES_AGGRESSIVE;
				CLANG_WARN_UNREACHABLE_CODE = YES;
				CLANG_WARN__DUPLICATE_METHOD_MATCH = YES;
				COPY_PHASE_STRIP = NO;
				DEBUG_INFORMATION_FORMAT = dwarf;
				ENABLE_STRICT_OBJC_MSGSEND = YES;
				ENABLE_TESTABILITY = YES;
				GCC_C_LANGUAGE_STANDARD = gnu11;
				GCC_DYNAMIC_NO_PIC = NO;
				GCC_NO_COMMON_BLOCKS = YES;
				GCC_OPTIMIZATION_LEVEL = 0;
				GCC_PREPROCESSOR_DEFINITIONS = (
					"DEBUG=1",
					"$(inherited)",
				);
				GCC_WARN_64_TO_32_BIT_CONVERSION = YES;
				GCC_WARN_ABOUT_RETURN_TYPE = YES_ERROR;
				GCC_WARN_UNDECLARED_SELECTOR = YES;
				GCC_WARN_UNINITIALIZED_AUTOS = YES_AGGRESSIVE;
				GCC_WARN_UNUSED_FUNCTION = YES;
				GCC_WARN_UNUSED_VARIABLE = YES;
				IPHONEOS_DEPLOYMENT_TARGET = 16.1;
				MTL_ENABLE_DEBUG_INFO = INCLUDE_SOURCE;
				MTL_FAST_MATH = YES;
				ONLY_ACTIVE_ARCH = YES;
				SDKROOT = iphoneos;
				SWIFT_ACTIVE_COMPILATION_CONDITIONS = DEBUG;
				SWIFT_OPTIMIZATION_LEVEL = "-Onone";
			};
			name = Debug;
		};
		053A1A7B2951E1C7005C6FF6 /* Release */ = {
			isa = XCBuildConfiguration;
			buildSettings = {
				ALWAYS_SEARCH_USER_PATHS = NO;
				CLANG_ANALYZER_NONNULL = YES;
				CLANG_ANALYZER_NUMBER_OBJECT_CONVERSION = YES_AGGRESSIVE;
				CLANG_CXX_LANGUAGE_STANDARD = "gnu++20";
				CLANG_ENABLE_MODULES = YES;
				CLANG_ENABLE_OBJC_ARC = YES;
				CLANG_ENABLE_OBJC_WEAK = YES;
				CLANG_WARN_BLOCK_CAPTURE_AUTORELEASING = YES;
				CLANG_WARN_BOOL_CONVERSION = YES;
				CLANG_WARN_COMMA = YES;
				CLANG_WARN_CONSTANT_CONVERSION = YES;
				CLANG_WARN_DEPRECATED_OBJC_IMPLEMENTATIONS = YES;
				CLANG_WARN_DIRECT_OBJC_ISA_USAGE = YES_ERROR;
				CLANG_WARN_DOCUMENTATION_COMMENTS = YES;
				CLANG_WARN_EMPTY_BODY = YES;
				CLANG_WARN_ENUM_CONVERSION = YES;
				CLANG_WARN_INFINITE_RECURSION = YES;
				CLANG_WARN_INT_CONVERSION = YES;
				CLANG_WARN_NON_LITERAL_NULL_CONVERSION = YES;
				CLANG_WARN_OBJC_IMPLICIT_RETAIN_SELF = YES;
				CLANG_WARN_OBJC_LITERAL_CONVERSION = YES;
				CLANG_WARN_OBJC_ROOT_CLASS = YES_ERROR;
				CLANG_WARN_QUOTED_INCLUDE_IN_FRAMEWORK_HEADER = YES;
				CLANG_WARN_RANGE_LOOP_ANALYSIS = YES;
				CLANG_WARN_STRICT_PROTOTYPES = YES;
				CLANG_WARN_SUSPICIOUS_MOVE = YES;
				CLANG_WARN_UNGUARDED_AVAILABILITY = YES_AGGRESSIVE;
				CLANG_WARN_UNREACHABLE_CODE = YES;
				CLANG_WARN__DUPLICATE_METHOD_MATCH = YES;
				COPY_PHASE_STRIP = NO;
				DEBUG_INFORMATION_FORMAT = "dwarf-with-dsym";
				ENABLE_NS_ASSERTIONS = NO;
				ENABLE_STRICT_OBJC_MSGSEND = YES;
				GCC_C_LANGUAGE_STANDARD = gnu11;
				GCC_NO_COMMON_BLOCKS = YES;
				GCC_WARN_64_TO_32_BIT_CONVERSION = YES;
				GCC_WARN_ABOUT_RETURN_TYPE = YES_ERROR;
				GCC_WARN_UNDECLARED_SELECTOR = YES;
				GCC_WARN_UNINITIALIZED_AUTOS = YES_AGGRESSIVE;
				GCC_WARN_UNUSED_FUNCTION = YES;
				GCC_WARN_UNUSED_VARIABLE = YES;
				IPHONEOS_DEPLOYMENT_TARGET = 16.1;
				MTL_ENABLE_DEBUG_INFO = NO;
				MTL_FAST_MATH = YES;
				SDKROOT = iphoneos;
				SWIFT_COMPILATION_MODE = wholemodule;
				SWIFT_OPTIMIZATION_LEVEL = "-O";
				VALIDATE_PRODUCT = YES;
			};
			name = Release;
		};
		053A1A7D2951E1C7005C6FF6 /* Debug */ = {
			isa = XCBuildConfiguration;
			buildSettings = {
				ASSETCATALOG_COMPILER_APPICON_NAME = AppIcon;
				ASSETCATALOG_COMPILER_GLOBAL_ACCENT_COLOR_NAME = AccentColor;
				CODE_SIGN_STYLE = Automatic;
				CURRENT_PROJECT_VERSION = 1;
				DEVELOPMENT_TEAM = CUQARVJRL7;
				GENERATE_INFOPLIST_FILE = YES;
				INFOPLIST_FILE = Szuminka/Info.plist;
				INFOPLIST_KEY_CFBundleDisplayName = Szuminka;
				INFOPLIST_KEY_LSApplicationCategoryType = "public.app-category.healthcare-fitness";
				INFOPLIST_KEY_UIApplicationSupportsIndirectInputEvents = YES;
				INFOPLIST_KEY_UILaunchStoryboardName = LaunchScreen;
				INFOPLIST_KEY_UIMainStoryboardFile = Main;
				INFOPLIST_KEY_UIRequiresFullScreen = YES;
				INFOPLIST_KEY_UIStatusBarStyle = UIStatusBarStyleLightContent;
				INFOPLIST_KEY_UISupportedInterfaceOrientations = UIInterfaceOrientationPortrait;
				IPHONEOS_DEPLOYMENT_TARGET = 15.0;
				LD_RUNPATH_SEARCH_PATHS = (
					"$(inherited)",
					"@executable_path/Frameworks",
				);
				MARKETING_VERSION = 0.1.1;
				PRODUCT_BUNDLE_IDENTIFIER = com.tpiatek.Szuminka;
				PRODUCT_NAME = "$(TARGET_NAME)";
				SWIFT_EMIT_LOC_STRINGS = YES;
				SWIFT_VERSION = 5.0;
				TARGETED_DEVICE_FAMILY = "1,2";
			};
			name = Debug;
		};
		053A1A7E2951E1C7005C6FF6 /* Release */ = {
			isa = XCBuildConfiguration;
			buildSettings = {
				ASSETCATALOG_COMPILER_APPICON_NAME = AppIcon;
				ASSETCATALOG_COMPILER_GLOBAL_ACCENT_COLOR_NAME = AccentColor;
				CODE_SIGN_STYLE = Automatic;
				CURRENT_PROJECT_VERSION = 1;
				DEVELOPMENT_TEAM = CUQARVJRL7;
				GENERATE_INFOPLIST_FILE = YES;
				INFOPLIST_FILE = Szuminka/Info.plist;
				INFOPLIST_KEY_CFBundleDisplayName = Szuminka;
				INFOPLIST_KEY_LSApplicationCategoryType = "public.app-category.healthcare-fitness";
				INFOPLIST_KEY_UIApplicationSupportsIndirectInputEvents = YES;
				INFOPLIST_KEY_UILaunchStoryboardName = LaunchScreen;
				INFOPLIST_KEY_UIMainStoryboardFile = Main;
				INFOPLIST_KEY_UIRequiresFullScreen = YES;
				INFOPLIST_KEY_UIStatusBarStyle = UIStatusBarStyleLightContent;
				INFOPLIST_KEY_UISupportedInterfaceOrientations = UIInterfaceOrientationPortrait;
				IPHONEOS_DEPLOYMENT_TARGET = 15.0;
				LD_RUNPATH_SEARCH_PATHS = (
					"$(inherited)",
					"@executable_path/Frameworks",
				);
				MARKETING_VERSION = 0.1.1;
				PRODUCT_BUNDLE_IDENTIFIER = com.tpiatek.Szuminka;
				PRODUCT_NAME = "$(TARGET_NAME)";
				SWIFT_EMIT_LOC_STRINGS = YES;
				SWIFT_VERSION = 5.0;
				TARGETED_DEVICE_FAMILY = "1,2";
			};
			name = Release;
		};
/* End XCBuildConfiguration section */

/* Begin XCConfigurationList section */
		053A1A632951E1C5005C6FF6 /* Build configuration list for PBXProject "Szuminka" */ = {
			isa = XCConfigurationList;
			buildConfigurations = (
				053A1A7A2951E1C7005C6FF6 /* Debug */,
				053A1A7B2951E1C7005C6FF6 /* Release */,
			);
			defaultConfigurationIsVisible = 0;
			defaultConfigurationName = Release;
		};
		053A1A7C2951E1C7005C6FF6 /* Build configuration list for PBXNativeTarget "Szuminka" */ = {
			isa = XCConfigurationList;
			buildConfigurations = (
				053A1A7D2951E1C7005C6FF6 /* Debug */,
				053A1A7E2951E1C7005C6FF6 /* Release */,
			);
			defaultConfigurationIsVisible = 0;
			defaultConfigurationName = Release;
		};
/* End XCConfigurationList section */
	};
	rootObject = 053A1A602951E1C5005C6FF6 /* Project object */;
}
